
Microsoft Visual Studio Solution File, Format Version 12.00
# Visual Studio Version 16
VisualStudioVersion = 16.0.31205.134
MinimumVisualStudioVersion = 10.0.40219.1
Project("{FAE04EC0-301F-11D3-BF4B-00C04F79EFBC}") = "SimpleQuiz.Android", "SimpleQuiz\SimpleQuiz.Android\SimpleQuiz.Android.csproj", "{374AC751-F2A8-480B-B1C4-231C7AA1F72B}"
EndProject
Project("{FAE04EC0-301F-11D3-BF4B-00C04F79EFBC}") = "SimpleQuiz.iOS", "SimpleQuiz\SimpleQuiz.iOS\SimpleQuiz.iOS.csproj", "{A43A4728-2B5E-4B3C-B1FA-1F6C6DFB05E2}"
EndProject
Project("{FAE04EC0-301F-11D3-BF4B-00C04F79EFBC}") = "SimpleQuiz", "SimpleQuiz\SimpleQuiz\SimpleQuiz.csproj", "{8CE12E0B-7C68-4A7F-BA53-C2BC62C359A0}"
EndProject
Global
	GlobalSection(SolutionConfigurationPlatforms) = preSolution
		Debug|Any CPU = Debug|Any CPU
		Debug|iPhone = Debug|iPhone
		Debug|iPhoneSimulator = Debug|iPhoneSimulator
		Release|Any CPU = Release|Any CPU
		Release|iPhone = Release|iPhone
		Release|iPhoneSimulator = Release|iPhoneSimulator
	EndGlobalSection
	GlobalSection(ProjectConfigurationPlatforms) = postSolution
		{374AC751-F2A8-480B-B1C4-231C7AA1F72B}.Debug|Any CPU.ActiveCfg = Debug|Any CPU
		{374AC751-F2A8-480B-B1C4-231C7AA1F72B}.Debug|Any CPU.Build.0 = Debug|Any CPU
		{374AC751-F2A8-480B-B1C4-231C7AA1F72B}.Debug|Any CPU.Deploy.0 = Debug|Any CPU
		{374AC751-F2A8-480B-B1C4-231C7AA1F72B}.Debug|iPhone.ActiveCfg = Debug|Any CPU
		{374AC751-F2A8-480B-B1C4-231C7AA1F72B}.Debug|iPhone.Build.0 = Debug|Any CPU
		{374AC751-F2A8-480B-B1C4-231C7AA1F72B}.Debug|iPhone.Deploy.0 = Debug|Any CPU
		{374AC751-F2A8-480B-B1C4-231C7AA1F72B}.Debug|iPhoneSimulator.ActiveCfg = Debug|Any CPU
		{374AC751-F2A8-480B-B1C4-231C7AA1F72B}.Debug|iPhoneSimulator.Build.0 = Debug|Any CPU
		{374AC751-F2A8-480B-B1C4-231C7AA1F72B}.Debug|iPhoneSimulator.Deploy.0 = Debug|Any CPU
		{374AC751-F2A8-480B-B1C4-231C7AA1F72B}.Release|Any CPU.ActiveCfg = Release|Any CPU
		{374AC751-F2A8-480B-B1C4-231C7AA1F72B}.Release|Any CPU.Build.0 = Release|Any CPU
		{374AC751-F2A8-480B-B1C4-231C7AA1F72B}.Release|Any CPU.Deploy.0 = Release|Any CPU
		{374AC751-F2A8-480B-B1C4-231C7AA1F72B}.Release|iPhone.ActiveCfg = Release|Any CPU
		{374AC751-F2A8-480B-B1C4-231C7AA1F72B}.Release|iPhone.Build.0 = Release|Any CPU
		{374AC751-F2A8-480B-B1C4-231C7AA1F72B}.Release|iPhone.Deploy.0 = Release|Any CPU
		{374AC751-F2A8-480B-B1C4-231C7AA1F72B}.Release|iPhoneSimulator.ActiveCfg = Release|Any CPU
		{374AC751-F2A8-480B-B1C4-231C7AA1F72B}.Release|iPhoneSimulator.Build.0 = Release|Any CPU
		{374AC751-F2A8-480B-B1C4-231C7AA1F72B}.Release|iPhoneSimulator.Deploy.0 = Release|Any CPU
		{A43A4728-2B5E-4B3C-B1FA-1F6C6DFB05E2}.Debug|Any CPU.ActiveCfg = Debug|iPhone
		{A43A4728-2B5E-4B3C-B1FA-1F6C6DFB05E2}.Debug|Any CPU.Build.0 = Debug|iPhone
		{A43A4728-2B5E-4B3C-B1FA-1F6C6DFB05E2}.Debug|Any CPU.Deploy.0 = Debug|iPhone
		{A43A4728-2B5E-4B3C-B1FA-1F6C6DFB05E2}.Debug|iPhone.ActiveCfg = Debug|iPhone
		{A43A4728-2B5E-4B3C-B1FA-1F6C6DFB05E2}.Debug|iPhone.Build.0 = Debug|iPhone
		{A43A4728-2B5E-4B3C-B1FA-1F6C6DFB05E2}.Debug|iPhone.Deploy.0 = Debug|iPhone
		{A43A4728-2B5E-4B3C-B1FA-1F6C6DFB05E2}.Debug|iPhoneSimulator.ActiveCfg = Debug|iPhoneSimulator
		{A43A4728-2B5E-4B3C-B1FA-1F6C6DFB05E2}.Debug|iPhoneSimulator.Build.0 = Debug|iPhoneSimulator
		{A43A4728-2B5E-4B3C-B1FA-1F6C6DFB05E2}.Debug|iPhoneSimulator.Deploy.0 = Debug|iPhoneSimulator
		{A43A4728-2B5E-4B3C-B1FA-1F6C6DFB05E2}.Release|Any CPU.ActiveCfg = Release|iPhoneSimulator
		{A43A4728-2B5E-4B3C-B1FA-1F6C6DFB05E2}.Release|Any CPU.Build.0 = Release|iPhoneSimulator
		{A43A4728-2B5E-4B3C-B1FA-1F6C6DFB05E2}.Release|Any CPU.Deploy.0 = Release|iPhoneSimulator
		{A43A4728-2B5E-4B3C-B1FA-1F6C6DFB05E2}.Release|iPhone.ActiveCfg = Release|iPhone
		{A43A4728-2B5E-4B3C-B1FA-1F6C6DFB05E2}.Release|iPhone.Build.0 = Release|iPhone
		{A43A4728-2B5E-4B3C-B1FA-1F6C6DFB05E2}.Release|iPhone.Deploy.0 = Release|iPhone
		{A43A4728-2B5E-4B3C-B1FA-1F6C6DFB05E2}.Release|iPhoneSimulator.ActiveCfg = Release|iPhoneSimulator
		{A43A4728-2B5E-4B3C-B1FA-1F6C6DFB05E2}.Release|iPhoneSimulator.Build.0 = Release|iPhoneSimulator
		{A43A4728-2B5E-4B3C-B1FA-1F6C6DFB05E2}.Release|iPhoneSimulator.Deploy.0 = Release|iPhoneSimulator
		{8CE12E0B-7C68-4A7F-BA53-C2BC62C359A0}.Debug|Any CPU.ActiveCfg = Debug|Any CPU
		{8CE12E0B-7C68-4A7F-BA53-C2BC62C359A0}.Debug|Any CPU.Build.0 = Debug|Any CPU
		{8CE12E0B-7C68-4A7F-BA53-C2BC62C359A0}.Debug|Any CPU.Deploy.0 = Debug|Any CPU
		{8CE12E0B-7C68-4A7F-BA53-C2BC62C359A0}.Debug|iPhone.ActiveCfg = Debug|Any CPU
		{8CE12E0B-7C68-4A7F-BA53-C2BC62C359A0}.Debug|iPhone.Build.0 = Debug|Any CPU
		{8CE12E0B-7C68-4A7F-BA53-C2BC62C359A0}.Debug|iPhone.Deploy.0 = Debug|Any CPU
		{8CE12E0B-7C68-4A7F-BA53-C2BC62C359A0}.Debug|iPhoneSimulator.ActiveCfg = Debug|Any CPU
		{8CE12E0B-7C68-4A7F-BA53-C2BC62C359A0}.Debug|iPhoneSimulator.Build.0 = Debug|Any CPU
		{8CE12E0B-7C68-4A7F-BA53-C2BC62C359A0}.Debug|iPhoneSimulator.Deploy.0 = Debug|Any CPU
		{8CE12E0B-7C68-4A7F-BA53-C2BC62C359A0}.Release|Any CPU.ActiveCfg = Release|Any CPU
		{8CE12E0B-7C68-4A7F-BA53-C2BC62C359A0}.Release|Any CPU.Build.0 = Release|Any CPU
		{8CE12E0B-7C68-4A7F-BA53-C2BC62C359A0}.Release|Any CPU.Deploy.0 = Release|Any CPU
		{8CE12E0B-7C68-4A7F-BA53-C2BC62C359A0}.Release|iPhone.ActiveCfg = Release|Any CPU
		{8CE12E0B-7C68-4A7F-BA53-C2BC62C359A0}.Release|iPhone.Build.0 = Release|Any CPU
		{8CE12E0B-7C68-4A7F-BA53-C2BC62C359A0}.Release|iPhone.Deploy.0 = Release|Any CPU
		{8CE12E0B-7C68-4A7F-BA53-C2BC62C359A0}.Release|iPhoneSimulator.ActiveCfg = Release|Any CPU
		{8CE12E0B-7C68-4A7F-BA53-C2BC62C359A0}.Release|iPhoneSimulator.Build.0 = Release|Any CPU
		{8CE12E0B-7C68-4A7F-BA53-C2BC62C359A0}.Release|iPhoneSimulator.Deploy.0 = Release|Any CPU
	EndGlobalSection
	GlobalSection(SolutionProperties) = preSolution
		HideSolutionNode = FALSE
	EndGlobalSection
	GlobalSection(ExtensibilityGlobals) = postSolution
		SolutionGuid = {E2ABF401-3034-47A7-8267-0DFBAA0D70B0}
	EndGlobalSection
EndGlobal
